
Microsoft Visual Studio Solution File, Format Version 12.00
# Visual Studio Version 17
VisualStudioVersion = 17.3.32922.545
MinimumVisualStudioVersion = 10.0.40219.1
Project("{2150E333-8FDC-42A3-9474-1A3956D46DE8}") = "src", "src", "{870F975D-0EFA-46C9-A591-C563ED5BEE65}"
EndProject
Project("{2150E333-8FDC-42A3-9474-1A3956D46DE8}") = "test", "test", "{49B6585D-AE10-4FC1-8798-4623D3AE0006}"
EndProject
Project("{2150E333-8FDC-42A3-9474-1A3956D46DE8}") = "Solution Items", "Solution Items", "{63AD0D7C-F45A-4430-BCCB-4980C8BC2FD7}"
	ProjectSection(SolutionItems) = preProject
		ReadMe.md = ReadMe.md
	EndProjectSection
EndProject
Project("{9A19103F-16F7-4668-BE54-9A1E7A4F7556}") = "Shopway.Presentation", "src\Shopway.Presentation\Shopway.Presentation.csproj", "{07C172D7-4405-4A08-B54E-0BA926DD4FA2}"
EndProject
Project("{9A19103F-16F7-4668-BE54-9A1E7A4F7556}") = "Shopway.App", "src\Shopway.App\Shopway.App.csproj", "{BBFD67C9-78A8-48A3-9C0A-123D492D86C6}"
EndProject
Project("{9A19103F-16F7-4668-BE54-9A1E7A4F7556}") = "Shopway.Application", "src\Shopway.Application\Shopway.Application.csproj", "{9E7E8535-0892-4212-B0F8-C6C486CAC809}"
EndProject
Project("{9A19103F-16F7-4668-BE54-9A1E7A4F7556}") = "Shopway.Infrastructure", "src\Shopway.Infrastructure\Shopway.Infrastructure.csproj", "{62FD3B46-D954-4868-BC3C-64651F462D9A}"
EndProject
Project("{9A19103F-16F7-4668-BE54-9A1E7A4F7556}") = "Shopway.Domain", "src\Shopway.Domain\Shopway.Domain.csproj", "{4F94EB5E-89F7-455C-B08F-3F85AAD04166}"
EndProject
Project("{9A19103F-16F7-4668-BE54-9A1E7A4F7556}") = "Shopway.Tests.Unit", "test\Shopway.Tests.Unit\Shopway.Tests.Unit.csproj", "{D29F0FD2-A583-4EB9-A3AA-FCBC28ABBC06}"
EndProject
Project("{9A19103F-16F7-4668-BE54-9A1E7A4F7556}") = "Shopway.Tests.Integration", "test\Shopway.Tests.Integration\Shopway.Tests.Integration.csproj", "{3CAF8EF1-04CA-4F64-9DB8-E91851ED053D}"
EndProject
Project("{9A19103F-16F7-4668-BE54-9A1E7A4F7556}") = "Shopway.Tests.Integration.Container", "test\Shopway.Tests.Integration.Container\Shopway.Tests.Integration.Container.csproj", "{3F592420-2ED9-4B32-A69E-163FEB6A41C5}"
EndProject
Project("{9A19103F-16F7-4668-BE54-9A1E7A4F7556}") = "Shopway.Tests.Performance", "test\Shopway.Tests.Performance\Shopway.Tests.Performance.csproj", "{F3BD5994-6638-49EB-9133-8F1278026C07}"
EndProject
Project("{9A19103F-16F7-4668-BE54-9A1E7A4F7556}") = "Shopway.Persistence", "src\Shopway.Persistence\Shopway.Persistence.csproj", "{5155C5FA-0A7A-4196-83AF-C498E85679DE}"
EndProject
Project("{E53339B2-1760-4266-BCC7-CA923CBCF16C}") = "docker-compose", "docker-compose.dcproj", "{43FBCFE6-B562-4CB5-A521-8EF9321FDE0F}"
EndProject
Project("{2150E333-8FDC-42A3-9474-1A3956D46DE8}") = "docs", "docs", "{B04EB689-F716-43E2-8A09-88D2696D111A}"
	ProjectSection(SolutionItems) = preProject
		docs\CODE_OF_CONDUCT.md = docs\CODE_OF_CONDUCT.md
		docs\CONTRIBUTING.md = docs\CONTRIBUTING.md
		docs\DOCKER.postman_environment.json = docs\DOCKER.postman_environment.json
		docs\LICENSE = docs\LICENSE
		docs\LOCAL.postman_environment.json = docs\LOCAL.postman_environment.json
		docs\SECURITY.md = docs\SECURITY.md
		docs\workspace.postman_globals.json = docs\workspace.postman_globals.json
	EndProjectSection
EndProject
Global
	GlobalSection(SolutionConfigurationPlatforms) = preSolution
		Debug|Any CPU = Debug|Any CPU
		Release|Any CPU = Release|Any CPU
	EndGlobalSection
	GlobalSection(ProjectConfigurationPlatforms) = postSolution
		{07C172D7-4405-4A08-B54E-0BA926DD4FA2}.Debug|Any CPU.ActiveCfg = Debug|Any CPU
		{07C172D7-4405-4A08-B54E-0BA926DD4FA2}.Debug|Any CPU.Build.0 = Debug|Any CPU
		{07C172D7-4405-4A08-B54E-0BA926DD4FA2}.Release|Any CPU.ActiveCfg = Release|Any CPU
		{07C172D7-4405-4A08-B54E-0BA926DD4FA2}.Release|Any CPU.Build.0 = Release|Any CPU
		{BBFD67C9-78A8-48A3-9C0A-123D492D86C6}.Debug|Any CPU.ActiveCfg = Debug|Any CPU
		{BBFD67C9-78A8-48A3-9C0A-123D492D86C6}.Debug|Any CPU.Build.0 = Debug|Any CPU
		{BBFD67C9-78A8-48A3-9C0A-123D492D86C6}.Release|Any CPU.ActiveCfg = Release|Any CPU
		{BBFD67C9-78A8-48A3-9C0A-123D492D86C6}.Release|Any CPU.Build.0 = Release|Any CPU
		{9E7E8535-0892-4212-B0F8-C6C486CAC809}.Debug|Any CPU.ActiveCfg = Debug|Any CPU
		{9E7E8535-0892-4212-B0F8-C6C486CAC809}.Debug|Any CPU.Build.0 = Debug|Any CPU
		{9E7E8535-0892-4212-B0F8-C6C486CAC809}.Release|Any CPU.ActiveCfg = Release|Any CPU
		{9E7E8535-0892-4212-B0F8-C6C486CAC809}.Release|Any CPU.Build.0 = Release|Any CPU
		{62FD3B46-D954-4868-BC3C-64651F462D9A}.Debug|Any CPU.ActiveCfg = Debug|Any CPU
		{62FD3B46-D954-4868-BC3C-64651F462D9A}.Debug|Any CPU.Build.0 = Debug|Any CPU
		{62FD3B46-D954-4868-BC3C-64651F462D9A}.Release|Any CPU.ActiveCfg = Release|Any CPU
		{62FD3B46-D954-4868-BC3C-64651F462D9A}.Release|Any CPU.Build.0 = Release|Any CPU
		{4F94EB5E-89F7-455C-B08F-3F85AAD04166}.Debug|Any CPU.ActiveCfg = Debug|Any CPU
		{4F94EB5E-89F7-455C-B08F-3F85AAD04166}.Debug|Any CPU.Build.0 = Debug|Any CPU
		{4F94EB5E-89F7-455C-B08F-3F85AAD04166}.Release|Any CPU.ActiveCfg = Release|Any CPU
		{4F94EB5E-89F7-455C-B08F-3F85AAD04166}.Release|Any CPU.Build.0 = Release|Any CPU
		{D29F0FD2-A583-4EB9-A3AA-FCBC28ABBC06}.Debug|Any CPU.ActiveCfg = Debug|Any CPU
		{D29F0FD2-A583-4EB9-A3AA-FCBC28ABBC06}.Debug|Any CPU.Build.0 = Debug|Any CPU
		{D29F0FD2-A583-4EB9-A3AA-FCBC28ABBC06}.Release|Any CPU.ActiveCfg = Release|Any CPU
		{D29F0FD2-A583-4EB9-A3AA-FCBC28ABBC06}.Release|Any CPU.Build.0 = Release|Any CPU
		{3CAF8EF1-04CA-4F64-9DB8-E91851ED053D}.Debug|Any CPU.ActiveCfg = Debug|Any CPU
		{3CAF8EF1-04CA-4F64-9DB8-E91851ED053D}.Debug|Any CPU.Build.0 = Debug|Any CPU
		{3CAF8EF1-04CA-4F64-9DB8-E91851ED053D}.Release|Any CPU.ActiveCfg = Release|Any CPU
		{3CAF8EF1-04CA-4F64-9DB8-E91851ED053D}.Release|Any CPU.Build.0 = Release|Any CPU
		{3F592420-2ED9-4B32-A69E-163FEB6A41C5}.Debug|Any CPU.ActiveCfg = Debug|Any CPU
		{3F592420-2ED9-4B32-A69E-163FEB6A41C5}.Debug|Any CPU.Build.0 = Debug|Any CPU
		{3F592420-2ED9-4B32-A69E-163FEB6A41C5}.Release|Any CPU.ActiveCfg = Release|Any CPU
		{3F592420-2ED9-4B32-A69E-163FEB6A41C5}.Release|Any CPU.Build.0 = Release|Any CPU
		{F3BD5994-6638-49EB-9133-8F1278026C07}.Debug|Any CPU.ActiveCfg = Debug|Any CPU
		{F3BD5994-6638-49EB-9133-8F1278026C07}.Debug|Any CPU.Build.0 = Debug|Any CPU
		{F3BD5994-6638-49EB-9133-8F1278026C07}.Release|Any CPU.ActiveCfg = Release|Any CPU
		{F3BD5994-6638-49EB-9133-8F1278026C07}.Release|Any CPU.Build.0 = Release|Any CPU
		{5155C5FA-0A7A-4196-83AF-C498E85679DE}.Debug|Any CPU.ActiveCfg = Debug|Any CPU
		{5155C5FA-0A7A-4196-83AF-C498E85679DE}.Debug|Any CPU.Build.0 = Debug|Any CPU
		{5155C5FA-0A7A-4196-83AF-C498E85679DE}.Release|Any CPU.ActiveCfg = Release|Any CPU
		{5155C5FA-0A7A-4196-83AF-C498E85679DE}.Release|Any CPU.Build.0 = Release|Any CPU
		{43FBCFE6-B562-4CB5-A521-8EF9321FDE0F}.Debug|Any CPU.ActiveCfg = Debug|Any CPU
		{43FBCFE6-B562-4CB5-A521-8EF9321FDE0F}.Debug|Any CPU.Build.0 = Debug|Any CPU
		{43FBCFE6-B562-4CB5-A521-8EF9321FDE0F}.Release|Any CPU.ActiveCfg = Release|Any CPU
		{43FBCFE6-B562-4CB5-A521-8EF9321FDE0F}.Release|Any CPU.Build.0 = Release|Any CPU
	EndGlobalSection
	GlobalSection(SolutionProperties) = preSolution
		HideSolutionNode = FALSE
	EndGlobalSection
	GlobalSection(NestedProjects) = preSolution
		{07C172D7-4405-4A08-B54E-0BA926DD4FA2} = {870F975D-0EFA-46C9-A591-C563ED5BEE65}
		{BBFD67C9-78A8-48A3-9C0A-123D492D86C6} = {870F975D-0EFA-46C9-A591-C563ED5BEE65}
		{9E7E8535-0892-4212-B0F8-C6C486CAC809} = {870F975D-0EFA-46C9-A591-C563ED5BEE65}
		{62FD3B46-D954-4868-BC3C-64651F462D9A} = {870F975D-0EFA-46C9-A591-C563ED5BEE65}
		{4F94EB5E-89F7-455C-B08F-3F85AAD04166} = {870F975D-0EFA-46C9-A591-C563ED5BEE65}
		{D29F0FD2-A583-4EB9-A3AA-FCBC28ABBC06} = {49B6585D-AE10-4FC1-8798-4623D3AE0006}
		{3CAF8EF1-04CA-4F64-9DB8-E91851ED053D} = {49B6585D-AE10-4FC1-8798-4623D3AE0006}
		{3F592420-2ED9-4B32-A69E-163FEB6A41C5} = {49B6585D-AE10-4FC1-8798-4623D3AE0006}
		{F3BD5994-6638-49EB-9133-8F1278026C07} = {49B6585D-AE10-4FC1-8798-4623D3AE0006}
		{5155C5FA-0A7A-4196-83AF-C498E85679DE} = {870F975D-0EFA-46C9-A591-C563ED5BEE65}
	EndGlobalSection
	GlobalSection(ExtensibilityGlobals) = postSolution
		SolutionGuid = {611D72BD-9F9B-485C-A4B7-14B98649BA32}
	EndGlobalSection
EndGlobal
